
Microsoft Visual Studio Solution File, Format Version 12.00
# Visual Studio Version 16
VisualStudioVersion = 16.0.29411.108
MinimumVisualStudioVersion = 10.0.40219.1
Project("{9A19103F-16F7-4668-BE54-9A1E7A4F7556}") = "WebSite", "WebSite_API\WebSite.csproj", "{DEEFFF56-ED39-4B08-9D07-5D31C9C8D037}"
EndProject
Project("{9A19103F-16F7-4668-BE54-9A1E7A4F7556}") = "WebSite_Repositories", "WebSite_Repository\WebSite_Repositories.csproj", "{BB1DB7A6-76A2-46DC-9D90-CDAAFD832E75}"
EndProject
Project("{9A19103F-16F7-4668-BE54-9A1E7A4F7556}") = "WebSite_Services", "WebSite_Services\WebSite_Services.csproj", "{740FB0C2-2625-468D-A386-182A68108BD1}"
EndProject
Global
	GlobalSection(SolutionConfigurationPlatforms) = preSolution
		Debug|Any CPU = Debug|Any CPU
		Release|Any CPU = Release|Any CPU
	EndGlobalSection
	GlobalSection(ProjectConfigurationPlatforms) = postSolution
		{DEEFFF56-ED39-4B08-9D07-5D31C9C8D037}.Debug|Any CPU.ActiveCfg = Debug|Any CPU
		{DEEFFF56-ED39-4B08-9D07-5D31C9C8D037}.Debug|Any CPU.Build.0 = Debug|Any CPU
		{DEEFFF56-ED39-4B08-9D07-5D31C9C8D037}.Release|Any CPU.ActiveCfg = Release|Any CPU
		{DEEFFF56-ED39-4B08-9D07-5D31C9C8D037}.Release|Any CPU.Build.0 = Release|Any CPU
		{BB1DB7A6-76A2-46DC-9D90-CDAAFD832E75}.Debug|Any CPU.ActiveCfg = Debug|Any CPU
		{BB1DB7A6-76A2-46DC-9D90-CDAAFD832E75}.Debug|Any CPU.Build.0 = Debug|Any CPU
		{BB1DB7A6-76A2-46DC-9D90-CDAAFD832E75}.Release|Any CPU.ActiveCfg = Release|Any CPU
		{BB1DB7A6-76A2-46DC-9D90-CDAAFD832E75}.Release|Any CPU.Build.0 = Release|Any CPU
		{740FB0C2-2625-468D-A386-182A68108BD1}.Debug|Any CPU.ActiveCfg = Debug|Any CPU
		{740FB0C2-2625-468D-A386-182A68108BD1}.Debug|Any CPU.Build.0 = Debug|Any CPU
		{740FB0C2-2625-468D-A386-182A68108BD1}.Release|Any CPU.ActiveCfg = Release|Any CPU
		{740FB0C2-2625-468D-A386-182A68108BD1}.Release|Any CPU.Build.0 = Release|Any CPU
	EndGlobalSection
	GlobalSection(SolutionProperties) = preSolution
		HideSolutionNode = FALSE
	EndGlobalSection
	GlobalSection(ExtensibilityGlobals) = postSolution
		SolutionGuid = {9A35864E-0C3D-42D8-8557-06F62EB3EBDF}
	EndGlobalSection
EndGlobal
